
Microsoft Visual Studio Solution File, Format Version 12.00
# Visual Studio Version 16
VisualStudioVersion = 16.0.30517.126
MinimumVisualStudioVersion = 10.0.40219.1
Project("{9A19103F-16F7-4668-BE54-9A1E7A4F7556}") = "CoreBLOG.UI", "CoreBLOG.UI\CoreBLOG.UI.csproj", "{6791252A-030C-4A06-8D15-2897A0EB8673}"
EndProject
Project("{FAE04EC0-301F-11D3-BF4B-00C04F79EFBC}") = "CoreBLOG.CORE", "CoreBLOG.CORE\CoreBLOG.CORE.csproj", "{B2653A52-BE14-4A86-BAD4-3FDF60A5FC6E}"
EndProject
Project("{FAE04EC0-301F-11D3-BF4B-00C04F79EFBC}") = "CoreBLOG.MODEL", "CoreBLOG.MODEL\CoreBLOG.MODEL.csproj", "{8D03F0B9-BA0D-4EAF-AD96-D144A4EF63B4}"
EndProject
Project("{FAE04EC0-301F-11D3-BF4B-00C04F79EFBC}") = "CoreBLOG.SERVICE", "CoreBLOG.SERVICE\CoreBLOG.SERVICE.csproj", "{CA438669-5283-4499-A9A0-58ECEB408405}"
EndProject
Global
	GlobalSection(SolutionConfigurationPlatforms) = preSolution
		Debug|Any CPU = Debug|Any CPU
		Release|Any CPU = Release|Any CPU
	EndGlobalSection
	GlobalSection(ProjectConfigurationPlatforms) = postSolution
		{6791252A-030C-4A06-8D15-2897A0EB8673}.Debug|Any CPU.ActiveCfg = Debug|Any CPU
		{6791252A-030C-4A06-8D15-2897A0EB8673}.Debug|Any CPU.Build.0 = Debug|Any CPU
		{6791252A-030C-4A06-8D15-2897A0EB8673}.Release|Any CPU.ActiveCfg = Release|Any CPU
		{6791252A-030C-4A06-8D15-2897A0EB8673}.Release|Any CPU.Build.0 = Release|Any CPU
		{B2653A52-BE14-4A86-BAD4-3FDF60A5FC6E}.Debug|Any CPU.ActiveCfg = Debug|Any CPU
		{B2653A52-BE14-4A86-BAD4-3FDF60A5FC6E}.Debug|Any CPU.Build.0 = Debug|Any CPU
		{B2653A52-BE14-4A86-BAD4-3FDF60A5FC6E}.Release|Any CPU.ActiveCfg = Release|Any CPU
		{B2653A52-BE14-4A86-BAD4-3FDF60A5FC6E}.Release|Any CPU.Build.0 = Release|Any CPU
		{8D03F0B9-BA0D-4EAF-AD96-D144A4EF63B4}.Debug|Any CPU.ActiveCfg = Debug|Any CPU
		{8D03F0B9-BA0D-4EAF-AD96-D144A4EF63B4}.Debug|Any CPU.Build.0 = Debug|Any CPU
		{8D03F0B9-BA0D-4EAF-AD96-D144A4EF63B4}.Release|Any CPU.ActiveCfg = Release|Any CPU
		{8D03F0B9-BA0D-4EAF-AD96-D144A4EF63B4}.Release|Any CPU.Build.0 = Release|Any CPU
		{CA438669-5283-4499-A9A0-58ECEB408405}.Debug|Any CPU.ActiveCfg = Debug|Any CPU
		{CA438669-5283-4499-A9A0-58ECEB408405}.Debug|Any CPU.Build.0 = Debug|Any CPU
		{CA438669-5283-4499-A9A0-58ECEB408405}.Release|Any CPU.ActiveCfg = Release|Any CPU
		{CA438669-5283-4499-A9A0-58ECEB408405}.Release|Any CPU.Build.0 = Release|Any CPU
	EndGlobalSection
	GlobalSection(SolutionProperties) = preSolution
		HideSolutionNode = FALSE
	EndGlobalSection
	GlobalSection(ExtensibilityGlobals) = postSolution
		SolutionGuid = {C8C63511-E967-4D87-BFF5-C60625450EBE}
	EndGlobalSection
EndGlobal
